// !$*UTF8*$!
{
	archiveVersion = 1;
	classes = {
	};
	objectVersion = 55;
	objects = {

/* Begin PBXBuildFile section */
		877F1A34278EE7E30031E6C3 /* AppDelegate.swift in Sources */ = {isa = PBXBuildFile; fileRef = 877F1A33278EE7E30031E6C3 /* AppDelegate.swift */; };
		877F1A36278EE7E30031E6C3 /* SceneDelegate.swift in Sources */ = {isa = PBXBuildFile; fileRef = 877F1A35278EE7E30031E6C3 /* SceneDelegate.swift */; };
		877F1A38278EE7E30031E6C3 /* ViewController.swift in Sources */ = {isa = PBXBuildFile; fileRef = 877F1A37278EE7E30031E6C3 /* ViewController.swift */; };
		877F1A3B278EE7E30031E6C3 /* Main.storyboard in Resources */ = {isa = PBXBuildFile; fileRef = 877F1A39278EE7E30031E6C3 /* Main.storyboard */; };
		877F1A3D278EE7E40031E6C3 /* Assets.xcassets in Resources */ = {isa = PBXBuildFile; fileRef = 877F1A3C278EE7E40031E6C3 /* Assets.xcassets */; };
		877F1A40278EE7E40031E6C3 /* LaunchScreen.storyboard in Resources */ = {isa = PBXBuildFile; fileRef = 877F1A3E278EE7E40031E6C3 /* LaunchScreen.storyboard */; };
		87C8340C27930CB80098E684 /* UserListViewController.swift in Sources */ = {isa = PBXBuildFile; fileRef = 87C8340B27930CB80098E684 /* UserListViewController.swift */; };
		87DF3AC1279C74E8003E5A9A /* FileUtils.swift in Sources */ = {isa = PBXBuildFile; fileRef = 87DF3AC0279C74E8003E5A9A /* FileUtils.swift */; };
		87E1780827984109001D6A38 /* TVCellUser.swift in Sources */ = {isa = PBXBuildFile; fileRef = 87E1780727984109001D6A38 /* TVCellUser.swift */; };
		87E1780B279849F9001D6A38 /* Item.swift in Sources */ = {isa = PBXBuildFile; fileRef = 87E1780A279849F9001D6A38 /* Item.swift */; };
/* End PBXBuildFile section */

/* Begin PBXFileReference section */
		877F1A30278EE7E30031E6C3 /* UD3-02-FileManagerYTablas-MartaMolina.app */ = {isa = PBXFileReference; explicitFileType = wrapper.application; includeInIndex = 0; path = "UD3-02-FileManagerYTablas-MartaMolina.app"; sourceTree = BUILT_PRODUCTS_DIR; };
		877F1A33278EE7E30031E6C3 /* AppDelegate.swift */ = {isa = PBXFileReference; lastKnownFileType = sourcecode.swift; path = AppDelegate.swift; sourceTree = "<group>"; };
		877F1A35278EE7E30031E6C3 /* SceneDelegate.swift */ = {isa = PBXFileReference; lastKnownFileType = sourcecode.swift; path = SceneDelegate.swift; sourceTree = "<group>"; };
		877F1A37278EE7E30031E6C3 /* ViewController.swift */ = {isa = PBXFileReference; lastKnownFileType = sourcecode.swift; path = ViewController.swift; sourceTree = "<group>"; };
		877F1A3A278EE7E30031E6C3 /* Base */ = {isa = PBXFileReference; lastKnownFileType = file.storyboard; name = Base; path = Base.lproj/Main.storyboard; sourceTree = "<group>"; };
		877F1A3C278EE7E40031E6C3 /* Assets.xcassets */ = {isa = PBXFileReference; lastKnownFileType = folder.assetcatalog; path = Assets.xcassets; sourceTree = "<group>"; };
		877F1A3F278EE7E40031E6C3 /* Base */ = {isa = PBXFileReference; lastKnownFileType = file.storyboard; name = Base; path = Base.lproj/LaunchScreen.storyboard; sourceTree = "<group>"; };
		877F1A41278EE7E40031E6C3 /* Info.plist */ = {isa = PBXFileReference; lastKnownFileType = text.plist.xml; path = Info.plist; sourceTree = "<group>"; };
		87C8340B27930CB80098E684 /* UserListViewController.swift */ = {isa = PBXFileReference; lastKnownFileType = sourcecode.swift; path = UserListViewController.swift; sourceTree = "<group>"; };
		87DF3AC0279C74E8003E5A9A /* FileUtils.swift */ = {isa = PBXFileReference; lastKnownFileType = sourcecode.swift; path = FileUtils.swift; sourceTree = "<group>"; };
		87E1780727984109001D6A38 /* TVCellUser.swift */ = {isa = PBXFileReference; lastKnownFileType = sourcecode.swift; name = TVCellUser.swift; path = ../../TVCellUser.swift; sourceTree = "<group>"; };
		87E1780A279849F9001D6A38 /* Item.swift */ = {isa = PBXFileReference; lastKnownFileType = sourcecode.swift; path = Item.swift; sourceTree = "<group>"; };
/* End PBXFileReference section */

/* Begin PBXFrameworksBuildPhase section */
		877F1A2D278EE7E30031E6C3 /* Frameworks */ = {
			isa = PBXFrameworksBuildPhase;
			buildActionMask = 2147483647;
			files = (
			);
			runOnlyForDeploymentPostprocessing = 0;
		};
/* End PBXFrameworksBuildPhase section */

/* Begin PBXGroup section */
		877F1A27278EE7E30031E6C3 = {
			isa = PBXGroup;
			children = (
				877F1A32278EE7E30031E6C3 /* UD3-02-FileManagerYTablas-MartaMolina */,
				877F1A31278EE7E30031E6C3 /* Products */,
			);
			sourceTree = "<group>";
		};
		877F1A31278EE7E30031E6C3 /* Products */ = {
			isa = PBXGroup;
			children = (
				877F1A30278EE7E30031E6C3 /* UD3-02-FileManagerYTablas-MartaMolina.app */,
			);
			name = Products;
			sourceTree = "<group>";
		};
		877F1A32278EE7E30031E6C3 /* UD3-02-FileManagerYTablas-MartaMolina */ = {
			isa = PBXGroup;
			children = (
				87DF3AC2279C7869003E5A9A /* utils */,
				87E17809279849EB001D6A38 /* model */,
				877F1A33278EE7E30031E6C3 /* AppDelegate.swift */,
				877F1A35278EE7E30031E6C3 /* SceneDelegate.swift */,
				877F1A37278EE7E30031E6C3 /* ViewController.swift */,
				877F1A39278EE7E30031E6C3 /* Main.storyboard */,
				87C8340B27930CB80098E684 /* UserListViewController.swift */,
				877F1A3C278EE7E40031E6C3 /* Assets.xcassets */,
				877F1A3E278EE7E40031E6C3 /* LaunchScreen.storyboard */,
				877F1A41278EE7E40031E6C3 /* Info.plist */,
				87E1780727984109001D6A38 /* TVCellUser.swift */,
			);
			path = "UD3-02-FileManagerYTablas-MartaMolina";
			sourceTree = "<group>";
		};
		87DF3AC2279C7869003E5A9A /* utils */ = {
			isa = PBXGroup;
			children = (
				87DF3AC0279C74E8003E5A9A /* FileUtils.swift */,
			);
			path = utils;
			sourceTree = "<group>";
		};
		87E17809279849EB001D6A38 /* model */ = {
			isa = PBXGroup;
			children = (
				87E1780A279849F9001D6A38 /* Item.swift */,
			);
			path = model;
			sourceTree = "<group>";
		};
/* End PBXGroup section */

/* Begin PBXNativeTarget section */
		877F1A2F278EE7E30031E6C3 /* UD3-02-FileManagerYTablas-MartaMolina */ = {
			isa = PBXNativeTarget;
			buildConfigurationList = 877F1A44278EE7E40031E6C3 /* Build configuration list for PBXNativeTarget "UD3-02-FileManagerYTablas-MartaMolina" */;
			buildPhases = (
				877F1A2C278EE7E30031E6C3 /* Sources */,
				877F1A2D278EE7E30031E6C3 /* Frameworks */,
				877F1A2E278EE7E30031E6C3 /* Resources */,
			);
			buildRules = (
			);
			dependencies = (
			);
			name = "UD3-02-FileManagerYTablas-MartaMolina";
			productName = "UD3-02-FileManagerYTablas-MartaMolina";
			productReference = 877F1A30278EE7E30031E6C3 /* UD3-02-FileManagerYTablas-MartaMolina.app */;
			productType = "com.apple.product-type.application";
		};
/* End PBXNativeTarget section */

/* Begin PBXProject section */
		877F1A28278EE7E30031E6C3 /* Project object */ = {
			isa = PBXProject;
			attributes = {
				BuildIndependentTargetsInParallel = 1;
				LastSwiftUpdateCheck = 1320;
				LastUpgradeCheck = 1320;
				TargetAttributes = {
					877F1A2F278EE7E30031E6C3 = {
						CreatedOnToolsVersion = 13.2.1;
					};
				};
			};
			buildConfigurationList = 877F1A2B278EE7E30031E6C3 /* Build configuration list for PBXProject "UD3-02-FileManagerYTablas-MartaMolina" */;
			compatibilityVersion = "Xcode 13.0";
			developmentRegion = en;
			hasScannedForEncodings = 0;
			knownRegions = (
				en,
				Base,
			);
			mainGroup = 877F1A27278EE7E30031E6C3;
			productRefGroup = 877F1A31278EE7E30031E6C3 /* Products */;
			projectDirPath = "";
			projectRoot = "";
			targets = (
				877F1A2F278EE7E30031E6C3 /* UD3-02-FileManagerYTablas-MartaMolina */,
			);
		};
/* End PBXProject section */

/* Begin PBXResourcesBuildPhase section */
		877F1A2E278EE7E30031E6C3 /* Resources */ = {
			isa = PBXResourcesBuildPhase;
			buildActionMask = 2147483647;
			files = (
				877F1A40278EE7E40031E6C3 /* LaunchScreen.storyboard in Resources */,
				877F1A3D278EE7E40031E6C3 /* Assets.xcassets in Resources */,
				877F1A3B278EE7E30031E6C3 /* Main.storyboard in Resources */,
			);
			runOnlyForDeploymentPostprocessing = 0;
		};
/* End PBXResourcesBuildPhase section */

/* Begin PBXSourcesBuildPhase section */
		877F1A2C278EE7E30031E6C3 /* Sources */ = {
			isa = PBXSourcesBuildPhase;
			buildActionMask = 2147483647;
			files = (
				877F1A38278EE7E30031E6C3 /* ViewController.swift in Sources */,
				87C8340C27930CB80098E684 /* UserListViewController.swift in Sources */,
				87E1780827984109001D6A38 /* TVCellUser.swift in Sources */,
				877F1A34278EE7E30031E6C3 /* AppDelegate.swift in Sources */,
				87E1780B279849F9001D6A38 /* Item.swift in Sources */,
				87DF3AC1279C74E8003E5A9A /* FileUtils.swift in Sources */,
				877F1A36278EE7E30031E6C3 /* SceneDelegate.swift in Sources */,
			);
			runOnlyForDeploymentPostprocessing = 0;
		};
/* End PBXSourcesBuildPhase section */

/* Begin PBXVariantGroup section */
		877F1A39278EE7E30031E6C3 /* Main.storyboard */ = {
			isa = PBXVariantGroup;
			children = (
				877F1A3A278EE7E30031E6C3 /* Base */,
			);
			name = Main.storyboard;
			sourceTree = "<group>";
		};
		877F1A3E278EE7E40031E6C3 /* LaunchScreen.storyboard */ = {
			isa = PBXVariantGroup;
			children = (
				877F1A3F278EE7E40031E6C3 /* Base */,
			);
			name = LaunchScreen.storyboard;
			sourceTree = "<group>";
		};
/* End PBXVariantGroup section */

/* Begin XCBuildConfiguration section */
		877F1A42278EE7E40031E6C3 /* Debug */ = {
			isa = XCBuildConfiguration;
			buildSettings = {
				ALWAYS_SEARCH_USER_PATHS = NO;
				CLANG_ANALYZER_NONNULL = YES;
				CLANG_ANALYZER_NUMBER_OBJECT_CONVERSION = YES_AGGRESSIVE;
				CLANG_CXX_LANGUAGE_STANDARD = "gnu++17";
				CLANG_CXX_LIBRARY = "libc++";
				CLANG_ENABLE_MODULES = YES;
				CLANG_ENABLE_OBJC_ARC = YES;
				CLANG_ENABLE_OBJC_WEAK = YES;
				CLANG_WARN_BLOCK_CAPTURE_AUTORELEASING = YES;
				CLANG_WARN_BOOL_CONVERSION = YES;
				CLANG_WARN_COMMA = YES;
				CLANG_WARN_CONSTANT_CONVERSION = YES;
				CLANG_WARN_DEPRECATED_OBJC_IMPLEMENTATIONS = YES;
				CLANG_WARN_DIRECT_OBJC_ISA_USAGE = YES_ERROR;
				CLANG_WARN_DOCUMENTATION_COMMENTS = YES;
				CLANG_WARN_EMPTY_BODY = YES;
				CLANG_WARN_ENUM_CONVERSION = YES;
				CLANG_WARN_INFINITE_RECURSION = YES;
				CLANG_WARN_INT_CONVERSION = YES;
				CLANG_WARN_NON_LITERAL_NULL_CONVERSION = YES;
				CLANG_WARN_OBJC_IMPLICIT_RETAIN_SELF = YES;
				CLANG_WARN_OBJC_LITERAL_CONVERSION = YES;
				CLANG_WARN_OBJC_ROOT_CLASS = YES_ERROR;
				CLANG_WARN_QUOTED_INCLUDE_IN_FRAMEWORK_HEADER = YES;
				CLANG_WARN_RANGE_LOOP_ANALYSIS = YES;
				CLANG_WARN_STRICT_PROTOTYPES = YES;
				CLANG_WARN_SUSPICIOUS_MOVE = YES;
				CLANG_WARN_UNGUARDED_AVAILABILITY = YES_AGGRESSIVE;
				CLANG_WARN_UNREACHABLE_CODE = YES;
				CLANG_WARN__DUPLICATE_METHOD_MATCH = YES;
				COPY_PHASE_STRIP = NO;
				DEBUG_INFORMATION_FORMAT = dwarf;
				ENABLE_STRICT_OBJC_MSGSEND = YES;
				ENABLE_TESTABILITY = YES;
				GCC_C_LANGUAGE_STANDARD = gnu11;
				GCC_DYNAMIC_NO_PIC = NO;
				GCC_NO_COMMON_BLOCKS = YES;
				GCC_OPTIMIZATION_LEVEL = 0;
				GCC_PREPROCESSOR_DEFINITIONS = (
					"DEBUG=1",
					"$(inherited)",
				);
				GCC_WARN_64_TO_32_BIT_CONVERSION = YES;
				GCC_WARN_ABOUT_RETURN_TYPE = YES_ERROR;
				GCC_WARN_UNDECLARED_SELECTOR = YES;
				GCC_WARN_UNINITIALIZED_AUTOS = YES_AGGRESSIVE;
				GCC_WARN_UNUSED_FUNCTION = YES;
				GCC_WARN_UNUSED_VARIABLE = YES;
				IPHONEOS_DEPLOYMENT_TARGET = 15.2;
				MTL_ENABLE_DEBUG_INFO = INCLUDE_SOURCE;
				MTL_FAST_MATH = YES;
				ONLY_ACTIVE_ARCH = YES;
				SDKROOT = iphoneos;
				SWIFT_ACTIVE_COMPILATION_CONDITIONS = DEBUG;
				SWIFT_OPTIMIZATION_LEVEL = "-Onone";
			};
			name = Debug;
		};
		877F1A43278EE7E40031E6C3 /* Release */ = {
			isa = XCBuildConfiguration;
			buildSettings = {
				ALWAYS_SEARCH_USER_PATHS = NO;
				CLANG_ANALYZER_NONNULL = YES;
				CLANG_ANALYZER_NUMBER_OBJECT_CONVERSION = YES_AGGRESSIVE;
				CLANG_CXX_LANGUAGE_STANDARD = "gnu++17";
				CLANG_CXX_LIBRARY = "libc++";
				CLANG_ENABLE_MODULES = YES;
				CLANG_ENABLE_OBJC_ARC = YES;
				CLANG_ENABLE_OBJC_WEAK = YES;
				CLANG_WARN_BLOCK_CAPTURE_AUTORELEASING = YES;
				CLANG_WARN_BOOL_CONVERSION = YES;
				CLANG_WARN_COMMA = YES;
				CLANG_WARN_CONSTANT_CONVERSION = YES;
				CLANG_WARN_DEPRECATED_OBJC_IMPLEMENTATIONS = YES;
				CLANG_WARN_DIRECT_OBJC_ISA_USAGE = YES_ERROR;
				CLANG_WARN_DOCUMENTATION_COMMENTS = YES;
				CLANG_WARN_EMPTY_BODY = YES;
				CLANG_WARN_ENUM_CONVERSION = YES;
				CLANG_WARN_INFINITE_RECURSION = YES;
				CLANG_WARN_INT_CONVERSION = YES;
				CLANG_WARN_NON_LITERAL_NULL_CONVERSION = YES;
				CLANG_WARN_OBJC_IMPLICIT_RETAIN_SELF = YES;
				CLANG_WARN_OBJC_LITERAL_CONVERSION = YES;
				CLANG_WARN_OBJC_ROOT_CLASS = YES_ERROR;
				CLANG_WARN_QUOTED_INCLUDE_IN_FRAMEWORK_HEADER = YES;
				CLANG_WARN_RANGE_LOOP_ANALYSIS = YES;
				CLANG_WARN_STRICT_PROTOTYPES = YES;
				CLANG_WARN_SUSPICIOUS_MOVE = YES;
				CLANG_WARN_UNGUARDED_AVAILABILITY = YES_AGGRESSIVE;
				CLANG_WARN_UNREACHABLE_CODE = YES;
				CLANG_WARN__DUPLICATE_METHOD_MATCH = YES;
				COPY_PHASE_STRIP = NO;
				DEBUG_INFORMATION_FORMAT = "dwarf-with-dsym";
				ENABLE_NS_ASSERTIONS = NO;
				ENABLE_STRICT_OBJC_MSGSEND = YES;
				GCC_C_LANGUAGE_STANDARD = gnu11;
				GCC_NO_COMMON_BLOCKS = YES;
				GCC_WARN_64_TO_32_BIT_CONVERSION = YES;
				GCC_WARN_ABOUT_RETURN_TYPE = YES_ERROR;
				GCC_WARN_UNDECLARED_SELECTOR = YES;
				GCC_WARN_UNINITIALIZED_AUTOS = YES_AGGRESSIVE;
				GCC_WARN_UNUSED_FUNCTION = YES;
				GCC_WARN_UNUSED_VARIABLE = YES;
				IPHONEOS_DEPLOYMENT_TARGET = 15.2;
				MTL_ENABLE_DEBUG_INFO = NO;
				MTL_FAST_MATH = YES;
				SDKROOT = iphoneos;
				SWIFT_COMPILATION_MODE = wholemodule;
				SWIFT_OPTIMIZATION_LEVEL = "-O";
				VALIDATE_PRODUCT = YES;
			};
			name = Release;
		};
		877F1A45278EE7E40031E6C3 /* Debug */ = {
			isa = XCBuildConfiguration;
			buildSettings = {
				ASSETCATALOG_COMPILER_APPICON_NAME = AppIcon;
				ASSETCATALOG_COMPILER_GLOBAL_ACCENT_COLOR_NAME = AccentColor;
				CODE_SIGN_STYLE = Automatic;
				CURRENT_PROJECT_VERSION = 1;
				GENERATE_INFOPLIST_FILE = YES;
				INFOPLIST_FILE = "UD3-02-FileManagerYTablas-MartaMolina/Info.plist";
				INFOPLIST_KEY_UIApplicationSupportsIndirectInputEvents = YES;
				INFOPLIST_KEY_UILaunchStoryboardName = LaunchScreen;
				INFOPLIST_KEY_UIMainStoryboardFile = Main;
				INFOPLIST_KEY_UISupportedInterfaceOrientations_iPad = "UIInterfaceOrientationPortrait UIInterfaceOrientationPortraitUpsideDown UIInterfaceOrientationLandscapeLeft UIInterfaceOrientationLandscapeRight";
				INFOPLIST_KEY_UISupportedInterfaceOrientations_iPhone = "UIInterfaceOrientationPortrait UIInterfaceOrientationLandscapeLeft UIInterfaceOrientationLandscapeRight";
				LD_RUNPATH_SEARCH_PATHS = (
					"$(inherited)",
					"@executable_path/Frameworks",
				);
				MARKETING_VERSION = 1.0;
				PRODUCT_BUNDLE_IDENTIFIER = "dam.UD3-02-FileManagerYTablas-MartaMolina";
				PRODUCT_NAME = "$(TARGET_NAME)";
				SWIFT_EMIT_LOC_STRINGS = YES;
				SWIFT_VERSION = 5.0;
				TARGETED_DEVICE_FAMILY = "1,2";
			};
			name = Debug;
		};
		877F1A46278EE7E40031E6C3 /* Release */ = {
			isa = XCBuildConfiguration;
			buildSettings = {
				ASSETCATALOG_COMPILER_APPICON_NAME = AppIcon;
				ASSETCATALOG_COMPILER_GLOBAL_ACCENT_COLOR_NAME = AccentColor;
				CODE_SIGN_STYLE = Automatic;
				CURRENT_PROJECT_VERSION = 1;
				GENERATE_INFOPLIST_FILE = YES;
				INFOPLIST_FILE = "UD3-02-FileManagerYTablas-MartaMolina/Info.plist";
				INFOPLIST_KEY_UIApplicationSupportsIndirectInputEvents = YES;
				INFOPLIST_KEY_UILaunchStoryboardName = LaunchScreen;
				INFOPLIST_KEY_UIMainStoryboardFile = Main;
				INFOPLIST_KEY_UISupportedInterfaceOrientations_iPad = "UIInterfaceOrientationPortrait UIInterfaceOrientationPortraitUpsideDown UIInterfaceOrientationLandscapeLeft UIInterfaceOrientationLandscapeRight";
				INFOPLIST_KEY_UISupportedInterfaceOrientations_iPhone = "UIInterfaceOrientationPortrait UIInterfaceOrientationLandscapeLeft UIInterfaceOrientationLandscapeRight";
				LD_RUNPATH_SEARCH_PATHS = (
					"$(inherited)",
					"@executable_path/Frameworks",
				);
				MARKETING_VERSION = 1.0;
				PRODUCT_BUNDLE_IDENTIFIER = "dam.UD3-02-FileManagerYTablas-MartaMolina";
				PRODUCT_NAME = "$(TARGET_NAME)";
				SWIFT_EMIT_LOC_STRINGS = YES;
				SWIFT_VERSION = 5.0;
				TARGETED_DEVICE_FAMILY = "1,2";
			};
			name = Release;
		};
/* End XCBuildConfiguration section */

/* Begin XCConfigurationList section */
		877F1A2B278EE7E30031E6C3 /* Build configuration list for PBXProject "UD3-02-FileManagerYTablas-MartaMolina" */ = {
			isa = XCConfigurationList;
			buildConfigurations = (
				877F1A42278EE7E40031E6C3 /* Debug */,
				877F1A43278EE7E40031E6C3 /* Release */,
			);
			defaultConfigurationIsVisible = 0;
			defaultConfigurationName = Release;
		};
		877F1A44278EE7E40031E6C3 /* Build configuration list for PBXNativeTarget "UD3-02-FileManagerYTablas-MartaMolina" */ = {
			isa = XCConfigurationList;
			buildConfigurations = (
				877F1A45278EE7E40031E6C3 /* Debug */,
				877F1A46278EE7E40031E6C3 /* Release */,
			);
			defaultConfigurationIsVisible = 0;
			defaultConfigurationName = Release;
		};
/* End XCConfigurationList section */
	};
	rootObject = 877F1A28278EE7E30031E6C3 /* Project object */;
}
